
Microsoft Visual Studio Solution File, Format Version 12.00
# Visual Studio Version 16
VisualStudioVersion = 16.0.31229.75
MinimumVisualStudioVersion = 10.0.40219.1
Project("{9A19103F-16F7-4668-BE54-9A1E7A4F7556}") = "MariGold.OpenXHTML.Tests", "MariGold.OpenXHTML.Tests\MariGold.OpenXHTML.Tests.csproj", "{4B99EBDF-2880-46C4-A895-33381A222EF5}"
EndProject
Project("{9A19103F-16F7-4668-BE54-9A1E7A4F7556}") = "MariGold.OpenXHTML", "MariGold.OpenXHTML\MariGold.OpenXHTML.csproj", "{EDEC67D7-30D5-453E-80E7-DB1218D28E98}"
EndProject
Global
	GlobalSection(SolutionConfigurationPlatforms) = preSolution
		Debug|Any CPU = Debug|Any CPU
		Release|Any CPU = Release|Any CPU
	EndGlobalSection
	GlobalSection(ProjectConfigurationPlatforms) = postSolution
		{4B99EBDF-2880-46C4-A895-33381A222EF5}.Debug|Any CPU.ActiveCfg = Debug|Any CPU
		{4B99EBDF-2880-46C4-A895-33381A222EF5}.Debug|Any CPU.Build.0 = Debug|Any CPU
		{4B99EBDF-2880-46C4-A895-33381A222EF5}.Release|Any CPU.ActiveCfg = Release|Any CPU
		{4B99EBDF-2880-46C4-A895-33381A222EF5}.Release|Any CPU.Build.0 = Release|Any CPU
		{EDEC67D7-30D5-453E-80E7-DB1218D28E98}.Debug|Any CPU.ActiveCfg = Debug|Any CPU
		{EDEC67D7-30D5-453E-80E7-DB1218D28E98}.Debug|Any CPU.Build.0 = Debug|Any CPU
		{EDEC67D7-30D5-453E-80E7-DB1218D28E98}.Release|Any CPU.ActiveCfg = Release|Any CPU
		{EDEC67D7-30D5-453E-80E7-DB1218D28E98}.Release|Any CPU.Build.0 = Release|Any CPU
	EndGlobalSection
	GlobalSection(SolutionProperties) = preSolution
		HideSolutionNode = FALSE
	EndGlobalSection
	GlobalSection(ExtensibilityGlobals) = postSolution
		SolutionGuid = {3627DCE6-6A48-480F-90D8-A151BA9F3C34}
	EndGlobalSection
EndGlobal
